
Microsoft Visual Studio Solution File, Format Version 12.00
# Visual Studio Version 16
VisualStudioVersion = 16.0.28922.388
MinimumVisualStudioVersion = 10.0.40219.1
Project("{FAE04EC0-301F-11D3-BF4B-00C04F79EFBC}") = "OnlineFoodOrderingApplication", "OnlineFoodOrderingApplication\OnlineFoodOrderingApplication.csproj", "{2EA07344-4924-4A4F-9AA8-E3BAB9B51102}"
EndProject
Project("{2150E333-8FDC-42A3-9474-1A3956D46DE8}") = "Wcf", "Wcf", "{9C0A1DD0-C1A0-45AE-B826-31292B5D1111}"
EndProject
Project("{FAE04EC0-301F-11D3-BF4B-00C04F79EFBC}") = "OrderFoodAddUser", "OrderFoodAddUser\OrderFoodAddUser\OrderFoodAddUser.csproj", "{94D26DEF-F681-4852-95A6-7715C8DFA42D}"
EndProject
Global
	GlobalSection(SolutionConfigurationPlatforms) = preSolution
		Debug|Any CPU = Debug|Any CPU
		Debug|x64 = Debug|x64
		Debug|x86 = Debug|x86
		Release|Any CPU = Release|Any CPU
		Release|x64 = Release|x64
		Release|x86 = Release|x86
	EndGlobalSection
	GlobalSection(ProjectConfigurationPlatforms) = postSolution
		{2EA07344-4924-4A4F-9AA8-E3BAB9B51102}.Debug|Any CPU.ActiveCfg = Debug|Any CPU
		{2EA07344-4924-4A4F-9AA8-E3BAB9B51102}.Debug|Any CPU.Build.0 = Debug|Any CPU
		{2EA07344-4924-4A4F-9AA8-E3BAB9B51102}.Debug|x64.ActiveCfg = Debug|x64
		{2EA07344-4924-4A4F-9AA8-E3BAB9B51102}.Debug|x64.Build.0 = Debug|x64
		{2EA07344-4924-4A4F-9AA8-E3BAB9B51102}.Debug|x86.ActiveCfg = Debug|x86
		{2EA07344-4924-4A4F-9AA8-E3BAB9B51102}.Debug|x86.Build.0 = Debug|x86
		{2EA07344-4924-4A4F-9AA8-E3BAB9B51102}.Release|Any CPU.ActiveCfg = Release|Any CPU
		{2EA07344-4924-4A4F-9AA8-E3BAB9B51102}.Release|Any CPU.Build.0 = Release|Any CPU
		{2EA07344-4924-4A4F-9AA8-E3BAB9B51102}.Release|x64.ActiveCfg = Release|x64
		{2EA07344-4924-4A4F-9AA8-E3BAB9B51102}.Release|x64.Build.0 = Release|x64
		{2EA07344-4924-4A4F-9AA8-E3BAB9B51102}.Release|x86.ActiveCfg = Release|x86
		{2EA07344-4924-4A4F-9AA8-E3BAB9B51102}.Release|x86.Build.0 = Release|x86
		{94D26DEF-F681-4852-95A6-7715C8DFA42D}.Debug|Any CPU.ActiveCfg = Debug|Any CPU
		{94D26DEF-F681-4852-95A6-7715C8DFA42D}.Debug|Any CPU.Build.0 = Debug|Any CPU
		{94D26DEF-F681-4852-95A6-7715C8DFA42D}.Debug|x64.ActiveCfg = Debug|Any CPU
		{94D26DEF-F681-4852-95A6-7715C8DFA42D}.Debug|x64.Build.0 = Debug|Any CPU
		{94D26DEF-F681-4852-95A6-7715C8DFA42D}.Debug|x86.ActiveCfg = Debug|Any CPU
		{94D26DEF-F681-4852-95A6-7715C8DFA42D}.Debug|x86.Build.0 = Debug|Any CPU
		{94D26DEF-F681-4852-95A6-7715C8DFA42D}.Release|Any CPU.ActiveCfg = Release|Any CPU
		{94D26DEF-F681-4852-95A6-7715C8DFA42D}.Release|Any CPU.Build.0 = Release|Any CPU
		{94D26DEF-F681-4852-95A6-7715C8DFA42D}.Release|x64.ActiveCfg = Release|Any CPU
		{94D26DEF-F681-4852-95A6-7715C8DFA42D}.Release|x64.Build.0 = Release|Any CPU
		{94D26DEF-F681-4852-95A6-7715C8DFA42D}.Release|x86.ActiveCfg = Release|Any CPU
		{94D26DEF-F681-4852-95A6-7715C8DFA42D}.Release|x86.Build.0 = Release|Any CPU
	EndGlobalSection
	GlobalSection(SolutionProperties) = preSolution
		HideSolutionNode = FALSE
	EndGlobalSection
	GlobalSection(NestedProjects) = preSolution
		{94D26DEF-F681-4852-95A6-7715C8DFA42D} = {9C0A1DD0-C1A0-45AE-B826-31292B5D1111}
	EndGlobalSection
	GlobalSection(ExtensibilityGlobals) = postSolution
		SolutionGuid = {646D6940-96C7-408B-808B-A80B55D92DD6}
	EndGlobalSection
EndGlobal
