
Microsoft Visual Studio Solution File, Format Version 12.00
# Visual Studio Version 16
VisualStudioVersion = 16.0.29102.190
MinimumVisualStudioVersion = 10.0.40219.1
Project("{FAE04EC0-301F-11D3-BF4B-00C04F79EFBC}") = "OrderFoodAddUser", "OrderFoodAddUser\OrderFoodAddUser.csproj", "{94D26DEF-F681-4852-95A6-7715C8DFA42D}"
EndProject
Project("{FAE04EC0-301F-11D3-BF4B-00C04F79EFBC}") = "OnlineFoodOrderingApplication", "..\..\..\Desktop\C# FINAl PROJ\OnlineFoodOrderingApplication\OnlineFoodOrderingApplication\OnlineFoodOrderingApplication\OnlineFoodOrderingApplication.csproj", "{2EA07344-4924-4A4F-9AA8-E3BAB9B51102}"
	ProjectSection(ProjectDependencies) = postProject
		{94D26DEF-F681-4852-95A6-7715C8DFA42D} = {94D26DEF-F681-4852-95A6-7715C8DFA42D}
	EndProjectSection
EndProject
Global
	GlobalSection(SolutionConfigurationPlatforms) = preSolution
		Debug|Any CPU = Debug|Any CPU
		Debug|x64 = Debug|x64
		Debug|x86 = Debug|x86
		Release|Any CPU = Release|Any CPU
		Release|x64 = Release|x64
		Release|x86 = Release|x86
	EndGlobalSection
	GlobalSection(ProjectConfigurationPlatforms) = postSolution
		{94D26DEF-F681-4852-95A6-7715C8DFA42D}.Debug|Any CPU.ActiveCfg = Debug|Any CPU
		{94D26DEF-F681-4852-95A6-7715C8DFA42D}.Debug|Any CPU.Build.0 = Debug|Any CPU
		{94D26DEF-F681-4852-95A6-7715C8DFA42D}.Debug|x64.ActiveCfg = Debug|Any CPU
		{94D26DEF-F681-4852-95A6-7715C8DFA42D}.Debug|x64.Build.0 = Debug|Any CPU
		{94D26DEF-F681-4852-95A6-7715C8DFA42D}.Debug|x86.ActiveCfg = Debug|Any CPU
		{94D26DEF-F681-4852-95A6-7715C8DFA42D}.Debug|x86.Build.0 = Debug|Any CPU
		{94D26DEF-F681-4852-95A6-7715C8DFA42D}.Release|Any CPU.ActiveCfg = Release|Any CPU
		{94D26DEF-F681-4852-95A6-7715C8DFA42D}.Release|Any CPU.Build.0 = Release|Any CPU
		{94D26DEF-F681-4852-95A6-7715C8DFA42D}.Release|x64.ActiveCfg = Release|Any CPU
		{94D26DEF-F681-4852-95A6-7715C8DFA42D}.Release|x64.Build.0 = Release|Any CPU
		{94D26DEF-F681-4852-95A6-7715C8DFA42D}.Release|x86.ActiveCfg = Release|Any CPU
		{94D26DEF-F681-4852-95A6-7715C8DFA42D}.Release|x86.Build.0 = Release|Any CPU
		{2EA07344-4924-4A4F-9AA8-E3BAB9B51102}.Debug|Any CPU.ActiveCfg = Debug|Any CPU
		{2EA07344-4924-4A4F-9AA8-E3BAB9B51102}.Debug|Any CPU.Build.0 = Debug|Any CPU
		{2EA07344-4924-4A4F-9AA8-E3BAB9B51102}.Debug|x64.ActiveCfg = Debug|x64
		{2EA07344-4924-4A4F-9AA8-E3BAB9B51102}.Debug|x64.Build.0 = Debug|x64
		{2EA07344-4924-4A4F-9AA8-E3BAB9B51102}.Debug|x86.ActiveCfg = Debug|x86
		{2EA07344-4924-4A4F-9AA8-E3BAB9B51102}.Debug|x86.Build.0 = Debug|x86
		{2EA07344-4924-4A4F-9AA8-E3BAB9B51102}.Release|Any CPU.ActiveCfg = Release|Any CPU
		{2EA07344-4924-4A4F-9AA8-E3BAB9B51102}.Release|Any CPU.Build.0 = Release|Any CPU
		{2EA07344-4924-4A4F-9AA8-E3BAB9B51102}.Release|x64.ActiveCfg = Release|x64
		{2EA07344-4924-4A4F-9AA8-E3BAB9B51102}.Release|x64.Build.0 = Release|x64
		{2EA07344-4924-4A4F-9AA8-E3BAB9B51102}.Release|x86.ActiveCfg = Release|x86
		{2EA07344-4924-4A4F-9AA8-E3BAB9B51102}.Release|x86.Build.0 = Release|x86
	EndGlobalSection
	GlobalSection(SolutionProperties) = preSolution
		HideSolutionNode = FALSE
	EndGlobalSection
	GlobalSection(ExtensibilityGlobals) = postSolution
		SolutionGuid = {4DEEC66A-3536-477B-BA32-A0BC163E5268}
	EndGlobalSection
EndGlobal
